
Microsoft Visual Studio Solution File, Format Version 12.00
# Visual Studio 2012
Project("{8BC9CEB8-8B4A-11D0-8D11-00A0C91BC942}") = "Com203Midterm", "Com203Midterm\Com203Midterm.vcxproj", "{15660994-69D3-4D19-9752-3E9FB1F75092}"
EndProject
Global
	GlobalSection(SolutionConfigurationPlatforms) = preSolution
		Debug|Win32 = Debug|Win32
		Release|Win32 = Release|Win32
	EndGlobalSection
	GlobalSection(ProjectConfigurationPlatforms) = postSolution
		{15660994-69D3-4D19-9752-3E9FB1F75092}.Debug|Win32.ActiveCfg = Debug|Win32
		{15660994-69D3-4D19-9752-3E9FB1F75092}.Debug|Win32.Build.0 = Debug|Win32
		{15660994-69D3-4D19-9752-3E9FB1F75092}.Release|Win32.ActiveCfg = Release|Win32
		{15660994-69D3-4D19-9752-3E9FB1F75092}.Release|Win32.Build.0 = Release|Win32
	EndGlobalSection
	GlobalSection(SolutionProperties) = preSolution
		HideSolutionNode = FALSE
	EndGlobalSection
EndGlobal
